
Microsoft Visual Studio Solution File, Format Version 12.00
# Visual Studio Version 17
VisualStudioVersion = 17.5.002.0
MinimumVisualStudioVersion = 10.0.40219.1
Project("{9A19103F-16F7-4668-BE54-9A1E7A4F7556}") = "BinhoChess", "BinhoChess.csproj", "{2DA18A0E-6A34-4256-B063-9B2AE576B88D}"
EndProject
Global
	GlobalSection(SolutionConfigurationPlatforms) = preSolution
		Debug|Any CPU = Debug|Any CPU
		Release|Any CPU = Release|Any CPU
	EndGlobalSection
	GlobalSection(ProjectConfigurationPlatforms) = postSolution
		{2DA18A0E-6A34-4256-B063-9B2AE576B88D}.Debug|Any CPU.ActiveCfg = Debug|Any CPU
		{2DA18A0E-6A34-4256-B063-9B2AE576B88D}.Debug|Any CPU.Build.0 = Debug|Any CPU
		{2DA18A0E-6A34-4256-B063-9B2AE576B88D}.Release|Any CPU.ActiveCfg = Release|Any CPU
		{2DA18A0E-6A34-4256-B063-9B2AE576B88D}.Release|Any CPU.Build.0 = Release|Any CPU
	EndGlobalSection
	GlobalSection(SolutionProperties) = preSolution
		HideSolutionNode = FALSE
	EndGlobalSection
	GlobalSection(ExtensibilityGlobals) = postSolution
		SolutionGuid = {C8A41497-8319-4487-820B-3C5887BA36E2}
	EndGlobalSection
EndGlobal
